
Microsoft Visual Studio Solution File, Format Version 12.00
# Visual Studio Version 17
VisualStudioVersion = 17.4.33205.214
MinimumVisualStudioVersion = 10.0.40219.1
Project("{FAE04EC0-301F-11D3-BF4B-00C04F79EFBC}") = "Assignment1", "Assignment1\Assignment1.csproj", "{37DBF21A-3BD6-4136-B062-9116EB4ACABF}"
EndProject
Global
	GlobalSection(SolutionConfigurationPlatforms) = preSolution
		Debug|Any CPU = Debug|Any CPU
		Release|Any CPU = Release|Any CPU
	EndGlobalSection
	GlobalSection(ProjectConfigurationPlatforms) = postSolution
		{37DBF21A-3BD6-4136-B062-9116EB4ACABF}.Debug|Any CPU.ActiveCfg = Debug|Any CPU
		{37DBF21A-3BD6-4136-B062-9116EB4ACABF}.Debug|Any CPU.Build.0 = Debug|Any CPU
		{37DBF21A-3BD6-4136-B062-9116EB4ACABF}.Release|Any CPU.ActiveCfg = Release|Any CPU
		{37DBF21A-3BD6-4136-B062-9116EB4ACABF}.Release|Any CPU.Build.0 = Release|Any CPU
	EndGlobalSection
	GlobalSection(SolutionProperties) = preSolution
		HideSolutionNode = FALSE
	EndGlobalSection
	GlobalSection(ExtensibilityGlobals) = postSolution
		SolutionGuid = {59A450EC-0609-4096-97CD-7A2D0AF6C248}
	EndGlobalSection
EndGlobal
