
Microsoft Visual Studio Solution File, Format Version 12.00
# Visual Studio Version 17
VisualStudioVersion = 17.4.33205.214
MinimumVisualStudioVersion = 10.0.40219.1
Project("{FAE04EC0-301F-11D3-BF4B-00C04F79EFBC}") = "DatabaseFirst", "DatabaseFirst\DatabaseFirst.csproj", "{342DC113-EB9F-4A5A-AEC3-120E825051BC}"
EndProject
Project("{FAE04EC0-301F-11D3-BF4B-00C04F79EFBC}") = "ModelFirst", "ModelFirst\ModelFirst.csproj", "{89DF7DF2-713C-418C-B3DD-D560C14A4CB9}"
EndProject
Project("{FAE04EC0-301F-11D3-BF4B-00C04F79EFBC}") = "CodeFirst", "CodeFirst\CodeFirst.csproj", "{4D0C9133-3094-45F4-8C6A-75CF91593C9B}"
EndProject
Global
	GlobalSection(SolutionConfigurationPlatforms) = preSolution
		Debug|Any CPU = Debug|Any CPU
		Release|Any CPU = Release|Any CPU
	EndGlobalSection
	GlobalSection(ProjectConfigurationPlatforms) = postSolution
		{342DC113-EB9F-4A5A-AEC3-120E825051BC}.Debug|Any CPU.ActiveCfg = Debug|Any CPU
		{342DC113-EB9F-4A5A-AEC3-120E825051BC}.Debug|Any CPU.Build.0 = Debug|Any CPU
		{342DC113-EB9F-4A5A-AEC3-120E825051BC}.Release|Any CPU.ActiveCfg = Release|Any CPU
		{342DC113-EB9F-4A5A-AEC3-120E825051BC}.Release|Any CPU.Build.0 = Release|Any CPU
		{89DF7DF2-713C-418C-B3DD-D560C14A4CB9}.Debug|Any CPU.ActiveCfg = Debug|Any CPU
		{89DF7DF2-713C-418C-B3DD-D560C14A4CB9}.Debug|Any CPU.Build.0 = Debug|Any CPU
		{89DF7DF2-713C-418C-B3DD-D560C14A4CB9}.Release|Any CPU.ActiveCfg = Release|Any CPU
		{89DF7DF2-713C-418C-B3DD-D560C14A4CB9}.Release|Any CPU.Build.0 = Release|Any CPU
		{4D0C9133-3094-45F4-8C6A-75CF91593C9B}.Debug|Any CPU.ActiveCfg = Debug|Any CPU
		{4D0C9133-3094-45F4-8C6A-75CF91593C9B}.Debug|Any CPU.Build.0 = Debug|Any CPU
		{4D0C9133-3094-45F4-8C6A-75CF91593C9B}.Release|Any CPU.ActiveCfg = Release|Any CPU
		{4D0C9133-3094-45F4-8C6A-75CF91593C9B}.Release|Any CPU.Build.0 = Release|Any CPU
	EndGlobalSection
	GlobalSection(SolutionProperties) = preSolution
		HideSolutionNode = FALSE
	EndGlobalSection
	GlobalSection(ExtensibilityGlobals) = postSolution
		SolutionGuid = {4D0D0141-1F77-4E37-8A0F-09ADD45B03B7}
	EndGlobalSection
EndGlobal
